
Microsoft Visual Studio Solution File, Format Version 12.00
# Visual Studio 2013
VisualStudioVersion = 12.0.21005.1
MinimumVisualStudioVersion = 10.0.40219.1
Project("{FAE04EC0-301F-11D3-BF4B-00C04F79EFBC}") = "SPA", "SPA\SPA.csproj", "{C80D5A0D-293D-41EF-8E72-CEEEA487E118}"
EndProject
Project("{FAE04EC0-301F-11D3-BF4B-00C04F79EFBC}") = "SPA.Tests", "SPA.Tests\SPA.Tests.csproj", "{EFB00A7B-7AB8-455D-AEF8-4D782B811376}"
EndProject
Global
	GlobalSection(SolutionConfigurationPlatforms) = preSolution
		Debug|Any CPU = Debug|Any CPU
		Release|Any CPU = Release|Any CPU
	EndGlobalSection
	GlobalSection(ProjectConfigurationPlatforms) = postSolution
		{C80D5A0D-293D-41EF-8E72-CEEEA487E118}.Debug|Any CPU.ActiveCfg = Debug|Any CPU
		{C80D5A0D-293D-41EF-8E72-CEEEA487E118}.Debug|Any CPU.Build.0 = Debug|Any CPU
		{C80D5A0D-293D-41EF-8E72-CEEEA487E118}.Release|Any CPU.ActiveCfg = Release|Any CPU
		{C80D5A0D-293D-41EF-8E72-CEEEA487E118}.Release|Any CPU.Build.0 = Release|Any CPU
		{EFB00A7B-7AB8-455D-AEF8-4D782B811376}.Debug|Any CPU.ActiveCfg = Debug|Any CPU
		{EFB00A7B-7AB8-455D-AEF8-4D782B811376}.Debug|Any CPU.Build.0 = Debug|Any CPU
		{EFB00A7B-7AB8-455D-AEF8-4D782B811376}.Release|Any CPU.ActiveCfg = Release|Any CPU
		{EFB00A7B-7AB8-455D-AEF8-4D782B811376}.Release|Any CPU.Build.0 = Release|Any CPU
	EndGlobalSection
	GlobalSection(SolutionProperties) = preSolution
		HideSolutionNode = FALSE
	EndGlobalSection
EndGlobal
